
Microsoft Visual Studio Solution File, Format Version 12.00
# Visual Studio Version 16
VisualStudioVersion = 16.0.32901.82
MinimumVisualStudioVersion = 10.0.40219.1
Project("{FAE04EC0-301F-11D3-BF4B-00C04F79EFBC}") = "CRUDapplication", "CRUDapplication\CRUDapplication.csproj", "{CCE5B7A6-570B-4B24-A49B-FB4801C52376}"
EndProject
Global
	GlobalSection(SolutionConfigurationPlatforms) = preSolution
		Debug|Any CPU = Debug|Any CPU
		Release|Any CPU = Release|Any CPU
	EndGlobalSection
	GlobalSection(ProjectConfigurationPlatforms) = postSolution
		{CCE5B7A6-570B-4B24-A49B-FB4801C52376}.Debug|Any CPU.ActiveCfg = Debug|Any CPU
		{CCE5B7A6-570B-4B24-A49B-FB4801C52376}.Debug|Any CPU.Build.0 = Debug|Any CPU
		{CCE5B7A6-570B-4B24-A49B-FB4801C52376}.Release|Any CPU.ActiveCfg = Release|Any CPU
		{CCE5B7A6-570B-4B24-A49B-FB4801C52376}.Release|Any CPU.Build.0 = Release|Any CPU
	EndGlobalSection
	GlobalSection(SolutionProperties) = preSolution
		HideSolutionNode = FALSE
	EndGlobalSection
	GlobalSection(ExtensibilityGlobals) = postSolution
		SolutionGuid = {724277C9-40FB-416C-95DF-696CC1C81379}
	EndGlobalSection
EndGlobal
